
Microsoft Visual Studio Solution File, Format Version 12.00
Project("{FAE04EC0-301F-11D3-BF4B-00C04F79EFBC}") = "EventSource.Boilerplate", "EventSource.Boilerplate\EventSource.Boilerplate.csproj", "{B3733E63-2999-4041-B151-CA5D34642DB9}"
EndProject
Global
	GlobalSection(SolutionConfigurationPlatforms) = preSolution
		Debug|Any CPU = Debug|Any CPU
		Release|Any CPU = Release|Any CPU
	EndGlobalSection
	GlobalSection(ProjectConfigurationPlatforms) = postSolution
		{B3733E63-2999-4041-B151-CA5D34642DB9}.Debug|Any CPU.ActiveCfg = Debug|Any CPU
		{B3733E63-2999-4041-B151-CA5D34642DB9}.Debug|Any CPU.Build.0 = Debug|Any CPU
		{B3733E63-2999-4041-B151-CA5D34642DB9}.Release|Any CPU.ActiveCfg = Release|Any CPU
		{B3733E63-2999-4041-B151-CA5D34642DB9}.Release|Any CPU.Build.0 = Release|Any CPU
	EndGlobalSection
EndGlobal
